
Microsoft Visual Studio Solution File, Format Version 12.00
# Visual Studio Version 17
VisualStudioVersion = 17.14.37027.9 d17.14
MinimumVisualStudioVersion = 10.0.40219.1
Project("{FAE04EC0-301F-11D3-BF4B-00C04F79EFBC}") = "CPPC", "CPPC.csproj", "{B9E261F3-E679-40A5-A38B-E970DEC518B9}"
EndProject
Global
	GlobalSection(SolutionConfigurationPlatforms) = preSolution
		Debug|Any CPU = Debug|Any CPU
		Release|Any CPU = Release|Any CPU
	EndGlobalSection
	GlobalSection(ProjectConfigurationPlatforms) = postSolution
		{B9E261F3-E679-40A5-A38B-E970DEC518B9}.Debug|Any CPU.ActiveCfg = Debug|Any CPU
		{B9E261F3-E679-40A5-A38B-E970DEC518B9}.Debug|Any CPU.Build.0 = Debug|Any CPU
		{B9E261F3-E679-40A5-A38B-E970DEC518B9}.Release|Any CPU.ActiveCfg = Release|Any CPU
		{B9E261F3-E679-40A5-A38B-E970DEC518B9}.Release|Any CPU.Build.0 = Release|Any CPU
	EndGlobalSection
	GlobalSection(SolutionProperties) = preSolution
		HideSolutionNode = FALSE
	EndGlobalSection
	GlobalSection(ExtensibilityGlobals) = postSolution
		SolutionGuid = {3342F802-E67B-4FAE-95AC-F4B100E6D90B}
	EndGlobalSection
EndGlobal
